// !$*UTF8*$!
{
	archiveVersion = 1;
	classes = {
	};
	objectVersion = 50;
	objects = {

/* Begin PBXBuildFile section */
		023D413822A7DE730034C117 /* AppDelegate.swift in Sources */ = {isa = PBXBuildFile; fileRef = 023D413722A7DE730034C117 /* AppDelegate.swift */; };
		023D413A22A7DE730034C117 /* SceneDelegate.swift in Sources */ = {isa = PBXBuildFile; fileRef = 023D413922A7DE730034C117 /* SceneDelegate.swift */; };
		023D413C22A7DE730034C117 /* ContentView.swift in Sources */ = {isa = PBXBuildFile; fileRef = 023D413B22A7DE730034C117 /* ContentView.swift */; };
		023D413E22A7DE730034C117 /* Assets.xcassets in Resources */ = {isa = PBXBuildFile; fileRef = 023D413D22A7DE730034C117 /* Assets.xcassets */; };
		023D414122A7DE730034C117 /* Preview Assets.xcassets in Resources */ = {isa = PBXBuildFile; fileRef = 023D414022A7DE730034C117 /* Preview Assets.xcassets */; };
		023D414422A7DE730034C117 /* LaunchScreen.storyboard in Resources */ = {isa = PBXBuildFile; fileRef = 023D414222A7DE730034C117 /* LaunchScreen.storyboard */; };
		023D414D22A7DE970034C117 /* CircleImage.swift in Sources */ = {isa = PBXBuildFile; fileRef = 023D414B22A7DE970034C117 /* CircleImage.swift */; };
		023D414E22A7DE970034C117 /* MapView.swift in Sources */ = {isa = PBXBuildFile; fileRef = 023D414C22A7DE970034C117 /* MapView.swift */; };
/* End PBXBuildFile section */

/* Begin PBXFileReference section */
		023D413422A7DE730034C117 /* SwiftUIFirstLook.app */ = {isa = PBXFileReference; explicitFileType = wrapper.application; includeInIndex = 0; path = SwiftUIFirstLook.app; sourceTree = BUILT_PRODUCTS_DIR; };
		023D413722A7DE730034C117 /* AppDelegate.swift */ = {isa = PBXFileReference; lastKnownFileType = sourcecode.swift; path = AppDelegate.swift; sourceTree = "<group>"; };
		023D413922A7DE730034C117 /* SceneDelegate.swift */ = {isa = PBXFileReference; lastKnownFileType = sourcecode.swift; path = SceneDelegate.swift; sourceTree = "<group>"; };
		023D413B22A7DE730034C117 /* ContentView.swift */ = {isa = PBXFileReference; lastKnownFileType = sourcecode.swift; path = ContentView.swift; sourceTree = "<group>"; };
		023D413D22A7DE730034C117 /* Assets.xcassets */ = {isa = PBXFileReference; lastKnownFileType = folder.assetcatalog; path = Assets.xcassets; sourceTree = "<group>"; };
		023D414022A7DE730034C117 /* Preview Assets.xcassets */ = {isa = PBXFileReference; lastKnownFileType = folder.assetcatalog; path = "Preview Assets.xcassets"; sourceTree = "<group>"; };
		023D414322A7DE730034C117 /* Base */ = {isa = PBXFileReference; lastKnownFileType = file.storyboard; name = Base; path = Base.lproj/LaunchScreen.storyboard; sourceTree = "<group>"; };
		023D414522A7DE730034C117 /* Info.plist */ = {isa = PBXFileReference; lastKnownFileType = text.plist.xml; path = Info.plist; sourceTree = "<group>"; };
		023D414B22A7DE970034C117 /* CircleImage.swift */ = {isa = PBXFileReference; fileEncoding = 4; lastKnownFileType = sourcecode.swift; path = CircleImage.swift; sourceTree = "<group>"; };
		023D414C22A7DE970034C117 /* MapView.swift */ = {isa = PBXFileReference; fileEncoding = 4; lastKnownFileType = sourcecode.swift; path = MapView.swift; sourceTree = "<group>"; };
/* End PBXFileReference section */

/* Begin PBXFrameworksBuildPhase section */
		023D413122A7DE730034C117 /* Frameworks */ = {
			isa = PBXFrameworksBuildPhase;
			buildActionMask = 2147483647;
			files = (
			);
			runOnlyForDeploymentPostprocessing = 0;
		};
/* End PBXFrameworksBuildPhase section */

/* Begin PBXGroup section */
		023D412B22A7DE730034C117 = {
			isa = PBXGroup;
			children = (
				023D413622A7DE730034C117 /* SwiftUIFirstLook */,
				023D413522A7DE730034C117 /* Products */,
			);
			sourceTree = "<group>";
		};
		023D413522A7DE730034C117 /* Products */ = {
			isa = PBXGroup;
			children = (
				023D413422A7DE730034C117 /* SwiftUIFirstLook.app */,
			);
			name = Products;
			sourceTree = "<group>";
		};
		023D413622A7DE730034C117 /* SwiftUIFirstLook */ = {
			isa = PBXGroup;
			children = (
				023D413722A7DE730034C117 /* AppDelegate.swift */,
				023D413922A7DE730034C117 /* SceneDelegate.swift */,
				023D414B22A7DE970034C117 /* CircleImage.swift */,
				023D414C22A7DE970034C117 /* MapView.swift */,
				023D413B22A7DE730034C117 /* ContentView.swift */,
				023D413D22A7DE730034C117 /* Assets.xcassets */,
				023D414222A7DE730034C117 /* LaunchScreen.storyboard */,
				023D414522A7DE730034C117 /* Info.plist */,
				023D413F22A7DE730034C117 /* Preview Content */,
			);
			path = SwiftUIFirstLook;
			sourceTree = "<group>";
		};
		023D413F22A7DE730034C117 /* Preview Content */ = {
			isa = PBXGroup;
			children = (
				023D414022A7DE730034C117 /* Preview Assets.xcassets */,
			);
			path = "Preview Content";
			sourceTree = "<group>";
		};
/* End PBXGroup section */

/* Begin PBXNativeTarget section */
		023D413322A7DE730034C117 /* SwiftUIFirstLook */ = {
			isa = PBXNativeTarget;
			buildConfigurationList = 023D414822A7DE730034C117 /* Build configuration list for PBXNativeTarget "SwiftUIFirstLook" */;
			buildPhases = (
				023D413022A7DE730034C117 /* Sources */,
				023D413122A7DE730034C117 /* Frameworks */,
				023D413222A7DE730034C117 /* Resources */,
			);
			buildRules = (
			);
			dependencies = (
			);
			name = SwiftUIFirstLook;
			productName = SwiftUIFirstLook;
			productReference = 023D413422A7DE730034C117 /* SwiftUIFirstLook.app */;
			productType = "com.apple.product-type.application";
		};
/* End PBXNativeTarget section */

/* Begin PBXProject section */
		023D412C22A7DE730034C117 /* Project object */ = {
			isa = PBXProject;
			attributes = {
				LastSwiftUpdateCheck = 1100;
				LastUpgradeCheck = 1100;
				ORGANIZATIONNAME = Maharani;
				TargetAttributes = {
					023D413322A7DE730034C117 = {
						CreatedOnToolsVersion = 11.0;
					};
				};
			};
			buildConfigurationList = 023D412F22A7DE730034C117 /* Build configuration list for PBXProject "SwiftUIFirstLook" */;
			compatibilityVersion = "Xcode 9.3";
			developmentRegion = en;
			hasScannedForEncodings = 0;
			knownRegions = (
				en,
				Base,
			);
			mainGroup = 023D412B22A7DE730034C117;
			productRefGroup = 023D413522A7DE730034C117 /* Products */;
			projectDirPath = "";
			projectRoot = "";
			targets = (
				023D413322A7DE730034C117 /* SwiftUIFirstLook */,
			);
		};
/* End PBXProject section */

/* Begin PBXResourcesBuildPhase section */
		023D413222A7DE730034C117 /* Resources */ = {
			isa = PBXResourcesBuildPhase;
			buildActionMask = 2147483647;
			files = (
				023D414422A7DE730034C117 /* LaunchScreen.storyboard in Resources */,
				023D414122A7DE730034C117 /* Preview Assets.xcassets in Resources */,
				023D413E22A7DE730034C117 /* Assets.xcassets in Resources */,
			);
			runOnlyForDeploymentPostprocessing = 0;
		};
/* End PBXResourcesBuildPhase section */

/* Begin PBXSourcesBuildPhase section */
		023D413022A7DE730034C117 /* Sources */ = {
			isa = PBXSourcesBuildPhase;
			buildActionMask = 2147483647;
			files = (
				023D413822A7DE730034C117 /* AppDelegate.swift in Sources */,
				023D414D22A7DE970034C117 /* CircleImage.swift in Sources */,
				023D414E22A7DE970034C117 /* MapView.swift in Sources */,
				023D413A22A7DE730034C117 /* SceneDelegate.swift in Sources */,
				023D413C22A7DE730034C117 /* ContentView.swift in Sources */,
			);
			runOnlyForDeploymentPostprocessing = 0;
		};
/* End PBXSourcesBuildPhase section */

/* Begin PBXVariantGroup section */
		023D414222A7DE730034C117 /* LaunchScreen.storyboard */ = {
			isa = PBXVariantGroup;
			children = (
				023D414322A7DE730034C117 /* Base */,
			);
			name = LaunchScreen.storyboard;
			sourceTree = "<group>";
		};
/* End PBXVariantGroup section */

/* Begin XCBuildConfiguration section */
		023D414622A7DE730034C117 /* Debug */ = {
			isa = XCBuildConfiguration;
			buildSettings = {
				ALWAYS_SEARCH_USER_PATHS = NO;
				CLANG_ANALYZER_NONNULL = YES;
				CLANG_ANALYZER_NUMBER_OBJECT_CONVERSION = YES_AGGRESSIVE;
				CLANG_CXX_LANGUAGE_STANDARD = "gnu++14";
				CLANG_CXX_LIBRARY = "libc++";
				CLANG_ENABLE_MODULES = YES;
				CLANG_ENABLE_OBJC_ARC = YES;
				CLANG_ENABLE_OBJC_WEAK = YES;
				CLANG_WARN_BLOCK_CAPTURE_AUTORELEASING = YES;
				CLANG_WARN_BOOL_CONVERSION = YES;
				CLANG_WARN_COMMA = YES;
				CLANG_WARN_CONSTANT_CONVERSION = YES;
				CLANG_WARN_DEPRECATED_OBJC_IMPLEMENTATIONS = YES;
				CLANG_WARN_DIRECT_OBJC_ISA_USAGE = YES_ERROR;
				CLANG_WARN_DOCUMENTATION_COMMENTS = YES;
				CLANG_WARN_EMPTY_BODY = YES;
				CLANG_WARN_ENUM_CONVERSION = YES;
				CLANG_WARN_INFINITE_RECURSION = YES;
				CLANG_WARN_INT_CONVERSION = YES;
				CLANG_WARN_NON_LITERAL_NULL_CONVERSION = YES;
				CLANG_WARN_OBJC_IMPLICIT_RETAIN_SELF = YES;
				CLANG_WARN_OBJC_LITERAL_CONVERSION = YES;
				CLANG_WARN_OBJC_ROOT_CLASS = YES_ERROR;
				CLANG_WARN_RANGE_LOOP_ANALYSIS = YES;
				CLANG_WARN_STRICT_PROTOTYPES = YES;
				CLANG_WARN_SUSPICIOUS_MOVE = YES;
				CLANG_WARN_UNGUARDED_AVAILABILITY = YES_AGGRESSIVE;
				CLANG_WARN_UNREACHABLE_CODE = YES;
				CLANG_WARN__DUPLICATE_METHOD_MATCH = YES;
				COPY_PHASE_STRIP = NO;
				DEBUG_INFORMATION_FORMAT = dwarf;
				ENABLE_STRICT_OBJC_MSGSEND = YES;
				ENABLE_TESTABILITY = YES;
				GCC_C_LANGUAGE_STANDARD = gnu11;
				GCC_DYNAMIC_NO_PIC = NO;
				GCC_NO_COMMON_BLOCKS = YES;
				GCC_OPTIMIZATION_LEVEL = 0;
				GCC_PREPROCESSOR_DEFINITIONS = (
					"DEBUG=1",
					"$(inherited)",
				);
				GCC_WARN_64_TO_32_BIT_CONVERSION = YES;
				GCC_WARN_ABOUT_RETURN_TYPE = YES_ERROR;
				GCC_WARN_UNDECLARED_SELECTOR = YES;
				GCC_WARN_UNINITIALIZED_AUTOS = YES_AGGRESSIVE;
				GCC_WARN_UNUSED_FUNCTION = YES;
				GCC_WARN_UNUSED_VARIABLE = YES;
				IPHONEOS_DEPLOYMENT_TARGET = 13.0;
				MTL_ENABLE_DEBUG_INFO = INCLUDE_SOURCE;
				MTL_FAST_MATH = YES;
				ONLY_ACTIVE_ARCH = YES;
				SDKROOT = iphoneos;
				SWIFT_ACTIVE_COMPILATION_CONDITIONS = DEBUG;
				SWIFT_OPTIMIZATION_LEVEL = "-Onone";
			};
			name = Debug;
		};
		023D414722A7DE730034C117 /* Release */ = {
			isa = XCBuildConfiguration;
			buildSettings = {
				ALWAYS_SEARCH_USER_PATHS = NO;
				CLANG_ANALYZER_NONNULL = YES;
				CLANG_ANALYZER_NUMBER_OBJECT_CONVERSION = YES_AGGRESSIVE;
				CLANG_CXX_LANGUAGE_STANDARD = "gnu++14";
				CLANG_CXX_LIBRARY = "libc++";
				CLANG_ENABLE_MODULES = YES;
				CLANG_ENABLE_OBJC_ARC = YES;
				CLANG_ENABLE_OBJC_WEAK = YES;
				CLANG_WARN_BLOCK_CAPTURE_AUTORELEASING = YES;
				CLANG_WARN_BOOL_CONVERSION = YES;
				CLANG_WARN_COMMA = YES;
				CLANG_WARN_CONSTANT_CONVERSION = YES;
				CLANG_WARN_DEPRECATED_OBJC_IMPLEMENTATIONS = YES;
				CLANG_WARN_DIRECT_OBJC_ISA_USAGE = YES_ERROR;
				CLANG_WARN_DOCUMENTATION_COMMENTS = YES;
				CLANG_WARN_EMPTY_BODY = YES;
				CLANG_WARN_ENUM_CONVERSION = YES;
				CLANG_WARN_INFINITE_RECURSION = YES;
				CLANG_WARN_INT_CONVERSION = YES;
				CLANG_WARN_NON_LITERAL_NULL_CONVERSION = YES;
				CLANG_WARN_OBJC_IMPLICIT_RETAIN_SELF = YES;
				CLANG_WARN_OBJC_LITERAL_CONVERSION = YES;
				CLANG_WARN_OBJC_ROOT_CLASS = YES_ERROR;
				CLANG_WARN_RANGE_LOOP_ANALYSIS = YES;
				CLANG_WARN_STRICT_PROTOTYPES = YES;
				CLANG_WARN_SUSPICIOUS_MOVE = YES;
				CLANG_WARN_UNGUARDED_AVAILABILITY = YES_AGGRESSIVE;
				CLANG_WARN_UNREACHABLE_CODE = YES;
				CLANG_WARN__DUPLICATE_METHOD_MATCH = YES;
				COPY_PHASE_STRIP = NO;
				DEBUG_INFORMATION_FORMAT = "dwarf-with-dsym";
				ENABLE_NS_ASSERTIONS = NO;
				ENABLE_STRICT_OBJC_MSGSEND = YES;
				GCC_C_LANGUAGE_STANDARD = gnu11;
				GCC_NO_COMMON_BLOCKS = YES;
				GCC_WARN_64_TO_32_BIT_CONVERSION = YES;
				GCC_WARN_ABOUT_RETURN_TYPE = YES_ERROR;
				GCC_WARN_UNDECLARED_SELECTOR = YES;
				GCC_WARN_UNINITIALIZED_AUTOS = YES_AGGRESSIVE;
				GCC_WARN_UNUSED_FUNCTION = YES;
				GCC_WARN_UNUSED_VARIABLE = YES;
				IPHONEOS_DEPLOYMENT_TARGET = 13.0;
				MTL_ENABLE_DEBUG_INFO = NO;
				MTL_FAST_MATH = YES;
				SDKROOT = iphoneos;
				SWIFT_COMPILATION_MODE = wholemodule;
				SWIFT_OPTIMIZATION_LEVEL = "-O";
				VALIDATE_PRODUCT = YES;
			};
			name = Release;
		};
		023D414922A7DE730034C117 /* Debug */ = {
			isa = XCBuildConfiguration;
			buildSettings = {
				ASSETCATALOG_COMPILER_APPICON_NAME = AppIcon;
				CODE_SIGN_STYLE = Automatic;
				DEVELOPMENT_ASSET_PATHS = "SwiftUIFirstLook/Preview\\ Content";
				ENABLE_PREVIEWS = YES;
				INFOPLIST_FILE = SwiftUIFirstLook/Info.plist;
				LD_RUNPATH_SEARCH_PATHS = (
					"$(inherited)",
					"@executable_path/Frameworks",
				);
				PRODUCT_BUNDLE_IDENTIFIER = com.maharanin.SwiftUI.SwiftUIFirstLook;
				PRODUCT_NAME = "$(TARGET_NAME)";
				SWIFT_VERSION = 5.0;
				TARGETED_DEVICE_FAMILY = "1,2";
			};
			name = Debug;
		};
		023D414A22A7DE730034C117 /* Release */ = {
			isa = XCBuildConfiguration;
			buildSettings = {
				ASSETCATALOG_COMPILER_APPICON_NAME = AppIcon;
				CODE_SIGN_STYLE = Automatic;
				DEVELOPMENT_ASSET_PATHS = "SwiftUIFirstLook/Preview\\ Content";
				ENABLE_PREVIEWS = YES;
				INFOPLIST_FILE = SwiftUIFirstLook/Info.plist;
				LD_RUNPATH_SEARCH_PATHS = (
					"$(inherited)",
					"@executable_path/Frameworks",
				);
				PRODUCT_BUNDLE_IDENTIFIER = com.maharanin.SwiftUI.SwiftUIFirstLook;
				PRODUCT_NAME = "$(TARGET_NAME)";
				SWIFT_VERSION = 5.0;
				TARGETED_DEVICE_FAMILY = "1,2";
			};
			name = Release;
		};
/* End XCBuildConfiguration section */

/* Begin XCConfigurationList section */
		023D412F22A7DE730034C117 /* Build configuration list for PBXProject "SwiftUIFirstLook" */ = {
			isa = XCConfigurationList;
			buildConfigurations = (
				023D414622A7DE730034C117 /* Debug */,
				023D414722A7DE730034C117 /* Release */,
			);
			defaultConfigurationIsVisible = 0;
			defaultConfigurationName = Release;
		};
		023D414822A7DE730034C117 /* Build configuration list for PBXNativeTarget "SwiftUIFirstLook" */ = {
			isa = XCConfigurationList;
			buildConfigurations = (
				023D414922A7DE730034C117 /* Debug */,
				023D414A22A7DE730034C117 /* Release */,
			);
			defaultConfigurationIsVisible = 0;
			defaultConfigurationName = Release;
		};
/* End XCConfigurationList section */
	};
	rootObject = 023D412C22A7DE730034C117 /* Project object */;
}
